{
  "name": "hydroponically",
  "version": "1.0.0",
  "lockfileVersion": 3,
  "requires": true,
  "packages": {
    "": {
      "name": "hydroponically",
      "version": "1.0.0",
      "license": "MIT"
    },
    "../raspberryPiFunctions": {
      "name": "raspberrypifunctions",
      "version": "1.0.0",
      "extraneous": true,
      "license": "MIT",
      "dependencies": {
        "i2c-bus": "^5.2.3",
        "onoff": "^6.0.3"
      }
    }
  }
}
